
Microsoft Visual Studio Solution File, Format Version 12.00
# Visual Studio Version 16
VisualStudioVersion = 16.0.31129.286
MinimumVisualStudioVersion = 10.0.40219.1
Project("{9A19103F-16F7-4668-BE54-9A1E7A4F7556}") = "TwiceAroundTheTreeApi", "TwiceAroundTheTreeApi\TwiceAroundTheTreeApi.csproj", "{177E5334-D3B0-4122-9482-829DB756FBC2}"
EndProject
Project("{9A19103F-16F7-4668-BE54-9A1E7A4F7556}") = "GraphComponents", "Graph\GraphComponents.csproj", "{C973FC2C-4C0E-4172-A9E4-C73BA3234E65}"
EndProject
Project("{9A19103F-16F7-4668-BE54-9A1E7A4F7556}") = "GraphDataStorage", "GraphDataStorage\GraphDataStorage.csproj", "{597D3C30-B168-4A00-84FF-29BF7E137490}"
EndProject
Project("{FAE04EC0-301F-11D3-BF4B-00C04F79EFBC}") = "GraphComponentTests", "GraphComponentTests\GraphComponentTests.csproj", "{A311030A-EF4B-48C5-898B-862B57A5DFCF}"
EndProject
Global
	GlobalSection(SolutionConfigurationPlatforms) = preSolution
		Debug|Any CPU = Debug|Any CPU
		Release|Any CPU = Release|Any CPU
	EndGlobalSection
	GlobalSection(ProjectConfigurationPlatforms) = postSolution
		{177E5334-D3B0-4122-9482-829DB756FBC2}.Debug|Any CPU.ActiveCfg = Debug|Any CPU
		{177E5334-D3B0-4122-9482-829DB756FBC2}.Debug|Any CPU.Build.0 = Debug|Any CPU
		{177E5334-D3B0-4122-9482-829DB756FBC2}.Release|Any CPU.ActiveCfg = Release|Any CPU
		{177E5334-D3B0-4122-9482-829DB756FBC2}.Release|Any CPU.Build.0 = Release|Any CPU
		{C973FC2C-4C0E-4172-A9E4-C73BA3234E65}.Debug|Any CPU.ActiveCfg = Debug|Any CPU
		{C973FC2C-4C0E-4172-A9E4-C73BA3234E65}.Debug|Any CPU.Build.0 = Debug|Any CPU
		{C973FC2C-4C0E-4172-A9E4-C73BA3234E65}.Release|Any CPU.ActiveCfg = Release|Any CPU
		{C973FC2C-4C0E-4172-A9E4-C73BA3234E65}.Release|Any CPU.Build.0 = Release|Any CPU
		{597D3C30-B168-4A00-84FF-29BF7E137490}.Debug|Any CPU.ActiveCfg = Debug|Any CPU
		{597D3C30-B168-4A00-84FF-29BF7E137490}.Debug|Any CPU.Build.0 = Debug|Any CPU
		{597D3C30-B168-4A00-84FF-29BF7E137490}.Release|Any CPU.ActiveCfg = Release|Any CPU
		{597D3C30-B168-4A00-84FF-29BF7E137490}.Release|Any CPU.Build.0 = Release|Any CPU
		{A311030A-EF4B-48C5-898B-862B57A5DFCF}.Debug|Any CPU.ActiveCfg = Debug|Any CPU
		{A311030A-EF4B-48C5-898B-862B57A5DFCF}.Debug|Any CPU.Build.0 = Debug|Any CPU
		{A311030A-EF4B-48C5-898B-862B57A5DFCF}.Release|Any CPU.ActiveCfg = Release|Any CPU
		{A311030A-EF4B-48C5-898B-862B57A5DFCF}.Release|Any CPU.Build.0 = Release|Any CPU
	EndGlobalSection
	GlobalSection(SolutionProperties) = preSolution
		HideSolutionNode = FALSE
	EndGlobalSection
	GlobalSection(ExtensibilityGlobals) = postSolution
		SolutionGuid = {D87BA4DD-4526-4403-ABE7-7196AE5F9661}
	EndGlobalSection
EndGlobal
